
Microsoft Visual Studio Solution File, Format Version 12.00
# Visual Studio 2012
Project("{FAE04EC0-301F-11D3-BF4B-00C04F79EFBC}") = "MVCWebsite", "MVCWebsite\MVCWebsite.csproj", "{066E7DD2-5DE3-4490-BDC0-7C7806751BBA}"
EndProject
Project("{FAE04EC0-301F-11D3-BF4B-00C04F79EFBC}") = "Entities", "Entities\Entities.csproj", "{07E31E9A-CD8C-4260-8CFC-CB67F855B63D}"
EndProject
Global
	GlobalSection(SolutionConfigurationPlatforms) = preSolution
		Debug|Any CPU = Debug|Any CPU
		Release|Any CPU = Release|Any CPU
	EndGlobalSection
	GlobalSection(ProjectConfigurationPlatforms) = postSolution
		{066E7DD2-5DE3-4490-BDC0-7C7806751BBA}.Debug|Any CPU.ActiveCfg = Debug|Any CPU
		{066E7DD2-5DE3-4490-BDC0-7C7806751BBA}.Debug|Any CPU.Build.0 = Debug|Any CPU
		{066E7DD2-5DE3-4490-BDC0-7C7806751BBA}.Release|Any CPU.ActiveCfg = Release|Any CPU
		{066E7DD2-5DE3-4490-BDC0-7C7806751BBA}.Release|Any CPU.Build.0 = Release|Any CPU
		{07E31E9A-CD8C-4260-8CFC-CB67F855B63D}.Debug|Any CPU.ActiveCfg = Debug|Any CPU
		{07E31E9A-CD8C-4260-8CFC-CB67F855B63D}.Debug|Any CPU.Build.0 = Debug|Any CPU
		{07E31E9A-CD8C-4260-8CFC-CB67F855B63D}.Release|Any CPU.ActiveCfg = Release|Any CPU
		{07E31E9A-CD8C-4260-8CFC-CB67F855B63D}.Release|Any CPU.Build.0 = Release|Any CPU
	EndGlobalSection
	GlobalSection(SolutionProperties) = preSolution
		HideSolutionNode = FALSE
	EndGlobalSection
EndGlobal
